// !$*UTF8*$!
{
	archiveVersion = 1;
	classes = {
	};
	objectVersion = 46;
	objects = {

/* Begin PBXBuildFile section */
		148148961A5A6AB1008BDA92 /* BDBDiceTableViewController.m in Sources */ = {isa = PBXBuildFile; fileRef = 148148951A5A6AB1008BDA92 /* BDBDiceTableViewController.m */; };
		14DFCBF41A5A00D900658D07 /* main.m in Sources */ = {isa = PBXBuildFile; fileRef = 14DFCBF31A5A00D900658D07 /* main.m */; };
		14DFCBF71A5A00D900658D07 /* AppDelegate.m in Sources */ = {isa = PBXBuildFile; fileRef = 14DFCBF61A5A00D900658D07 /* AppDelegate.m */; };
		14DFCBF91A5A00D900658D07 /* Images.xcassets in Resources */ = {isa = PBXBuildFile; fileRef = 14DFCBF81A5A00D900658D07 /* Images.xcassets */; };
		14DFCBFC1A5A00D900658D07 /* LaunchScreen.xib in Resources */ = {isa = PBXBuildFile; fileRef = 14DFCBFA1A5A00D900658D07 /* LaunchScreen.xib */; };
		14DFCC081A5A00D900658D07 /* DadosTests.m in Sources */ = {isa = PBXBuildFile; fileRef = 14DFCC071A5A00D900658D07 /* DadosTests.m */; };
		14DFCC141A5A010500658D07 /* BDBDiceViewController.m in Sources */ = {isa = PBXBuildFile; fileRef = 14DFCC121A5A010500658D07 /* BDBDiceViewController.m */; };
		14DFCC151A5A010500658D07 /* BDBDiceViewController.xib in Resources */ = {isa = PBXBuildFile; fileRef = 14DFCC131A5A010500658D07 /* BDBDiceViewController.xib */; };
		14DFCC191A5A103300658D07 /* BDBDice.m in Sources */ = {isa = PBXBuildFile; fileRef = 14DFCC181A5A103300658D07 /* BDBDice.m */; };
/* End PBXBuildFile section */

/* Begin PBXContainerItemProxy section */
		14DFCC021A5A00D900658D07 /* PBXContainerItemProxy */ = {
			isa = PBXContainerItemProxy;
			containerPortal = 14DFCBE61A5A00D900658D07 /* Project object */;
			proxyType = 1;
			remoteGlobalIDString = 14DFCBED1A5A00D900658D07;
			remoteInfo = Dados;
		};
/* End PBXContainerItemProxy section */

/* Begin PBXFileReference section */
		148148941A5A6AB1008BDA92 /* BDBDiceTableViewController.h */ = {isa = PBXFileReference; fileEncoding = 4; lastKnownFileType = sourcecode.c.h; path = BDBDiceTableViewController.h; sourceTree = "<group>"; };
		148148951A5A6AB1008BDA92 /* BDBDiceTableViewController.m */ = {isa = PBXFileReference; fileEncoding = 4; lastKnownFileType = sourcecode.c.objc; path = BDBDiceTableViewController.m; sourceTree = "<group>"; };
		14DFCBEE1A5A00D900658D07 /* Dados.app */ = {isa = PBXFileReference; explicitFileType = wrapper.application; includeInIndex = 0; path = Dados.app; sourceTree = BUILT_PRODUCTS_DIR; };
		14DFCBF21A5A00D900658D07 /* Info.plist */ = {isa = PBXFileReference; lastKnownFileType = text.plist.xml; path = Info.plist; sourceTree = "<group>"; };
		14DFCBF31A5A00D900658D07 /* main.m */ = {isa = PBXFileReference; lastKnownFileType = sourcecode.c.objc; path = main.m; sourceTree = "<group>"; };
		14DFCBF51A5A00D900658D07 /* AppDelegate.h */ = {isa = PBXFileReference; lastKnownFileType = sourcecode.c.h; path = AppDelegate.h; sourceTree = "<group>"; };
		14DFCBF61A5A00D900658D07 /* AppDelegate.m */ = {isa = PBXFileReference; lastKnownFileType = sourcecode.c.objc; path = AppDelegate.m; sourceTree = "<group>"; };
		14DFCBF81A5A00D900658D07 /* Images.xcassets */ = {isa = PBXFileReference; lastKnownFileType = folder.assetcatalog; path = Images.xcassets; sourceTree = "<group>"; };
		14DFCBFB1A5A00D900658D07 /* Base */ = {isa = PBXFileReference; lastKnownFileType = file.xib; name = Base; path = Base.lproj/LaunchScreen.xib; sourceTree = "<group>"; };
		14DFCC011A5A00D900658D07 /* DadosTests.xctest */ = {isa = PBXFileReference; explicitFileType = wrapper.cfbundle; includeInIndex = 0; path = DadosTests.xctest; sourceTree = BUILT_PRODUCTS_DIR; };
		14DFCC061A5A00D900658D07 /* Info.plist */ = {isa = PBXFileReference; lastKnownFileType = text.plist.xml; path = Info.plist; sourceTree = "<group>"; };
		14DFCC071A5A00D900658D07 /* DadosTests.m */ = {isa = PBXFileReference; lastKnownFileType = sourcecode.c.objc; path = DadosTests.m; sourceTree = "<group>"; };
		14DFCC111A5A010500658D07 /* BDBDiceViewController.h */ = {isa = PBXFileReference; fileEncoding = 4; lastKnownFileType = sourcecode.c.h; path = BDBDiceViewController.h; sourceTree = "<group>"; };
		14DFCC121A5A010500658D07 /* BDBDiceViewController.m */ = {isa = PBXFileReference; fileEncoding = 4; lastKnownFileType = sourcecode.c.objc; path = BDBDiceViewController.m; sourceTree = "<group>"; };
		14DFCC131A5A010500658D07 /* BDBDiceViewController.xib */ = {isa = PBXFileReference; fileEncoding = 4; lastKnownFileType = file.xib; path = BDBDiceViewController.xib; sourceTree = "<group>"; };
		14DFCC171A5A103300658D07 /* BDBDice.h */ = {isa = PBXFileReference; fileEncoding = 4; lastKnownFileType = sourcecode.c.h; path = BDBDice.h; sourceTree = "<group>"; };
		14DFCC181A5A103300658D07 /* BDBDice.m */ = {isa = PBXFileReference; fileEncoding = 4; lastKnownFileType = sourcecode.c.objc; path = BDBDice.m; sourceTree = "<group>"; };
/* End PBXFileReference section */

/* Begin PBXFrameworksBuildPhase section */
		14DFCBEB1A5A00D900658D07 /* Frameworks */ = {
			isa = PBXFrameworksBuildPhase;
			buildActionMask = 2147483647;
			files = (
			);
			runOnlyForDeploymentPostprocessing = 0;
		};
		14DFCBFE1A5A00D900658D07 /* Frameworks */ = {
			isa = PBXFrameworksBuildPhase;
			buildActionMask = 2147483647;
			files = (
			);
			runOnlyForDeploymentPostprocessing = 0;
		};
/* End PBXFrameworksBuildPhase section */

/* Begin PBXGroup section */
		14DFCBE51A5A00D900658D07 = {
			isa = PBXGroup;
			children = (
				14DFCBF01A5A00D900658D07 /* Dados */,
				14DFCC041A5A00D900658D07 /* DadosTests */,
				14DFCBEF1A5A00D900658D07 /* Products */,
			);
			sourceTree = "<group>";
		};
		14DFCBEF1A5A00D900658D07 /* Products */ = {
			isa = PBXGroup;
			children = (
				14DFCBEE1A5A00D900658D07 /* Dados.app */,
				14DFCC011A5A00D900658D07 /* DadosTests.xctest */,
			);
			name = Products;
			sourceTree = "<group>";
		};
		14DFCBF01A5A00D900658D07 /* Dados */ = {
			isa = PBXGroup;
			children = (
				14DFCBF51A5A00D900658D07 /* AppDelegate.h */,
				14DFCBF61A5A00D900658D07 /* AppDelegate.m */,
				14DFCC161A5A010F00658D07 /* Controllers */,
				14DFCBF81A5A00D900658D07 /* Images.xcassets */,
				14DFCBFA1A5A00D900658D07 /* LaunchScreen.xib */,
				14DFCBF11A5A00D900658D07 /* Supporting Files */,
			);
			path = Dados;
			sourceTree = "<group>";
		};
		14DFCBF11A5A00D900658D07 /* Supporting Files */ = {
			isa = PBXGroup;
			children = (
				14DFCBF21A5A00D900658D07 /* Info.plist */,
				14DFCBF31A5A00D900658D07 /* main.m */,
			);
			name = "Supporting Files";
			sourceTree = "<group>";
		};
		14DFCC041A5A00D900658D07 /* DadosTests */ = {
			isa = PBXGroup;
			children = (
				14DFCC071A5A00D900658D07 /* DadosTests.m */,
				14DFCC051A5A00D900658D07 /* Supporting Files */,
			);
			path = DadosTests;
			sourceTree = "<group>";
		};
		14DFCC051A5A00D900658D07 /* Supporting Files */ = {
			isa = PBXGroup;
			children = (
				14DFCC061A5A00D900658D07 /* Info.plist */,
			);
			name = "Supporting Files";
			sourceTree = "<group>";
		};
		14DFCC161A5A010F00658D07 /* Controllers */ = {
			isa = PBXGroup;
			children = (
				14DFCC171A5A103300658D07 /* BDBDice.h */,
				14DFCC181A5A103300658D07 /* BDBDice.m */,
				14DFCC111A5A010500658D07 /* BDBDiceViewController.h */,
				14DFCC121A5A010500658D07 /* BDBDiceViewController.m */,
				14DFCC131A5A010500658D07 /* BDBDiceViewController.xib */,
				148148941A5A6AB1008BDA92 /* BDBDiceTableViewController.h */,
				148148951A5A6AB1008BDA92 /* BDBDiceTableViewController.m */,
			);
			name = Controllers;
			sourceTree = "<group>";
		};
/* End PBXGroup section */

/* Begin PBXNativeTarget section */
		14DFCBED1A5A00D900658D07 /* Dados */ = {
			isa = PBXNativeTarget;
			buildConfigurationList = 14DFCC0B1A5A00D900658D07 /* Build configuration list for PBXNativeTarget "Dados" */;
			buildPhases = (
				14DFCBEA1A5A00D900658D07 /* Sources */,
				14DFCBEB1A5A00D900658D07 /* Frameworks */,
				14DFCBEC1A5A00D900658D07 /* Resources */,
			);
			buildRules = (
			);
			dependencies = (
			);
			name = Dados;
			productName = Dados;
			productReference = 14DFCBEE1A5A00D900658D07 /* Dados.app */;
			productType = "com.apple.product-type.application";
		};
		14DFCC001A5A00D900658D07 /* DadosTests */ = {
			isa = PBXNativeTarget;
			buildConfigurationList = 14DFCC0E1A5A00D900658D07 /* Build configuration list for PBXNativeTarget "DadosTests" */;
			buildPhases = (
				14DFCBFD1A5A00D900658D07 /* Sources */,
				14DFCBFE1A5A00D900658D07 /* Frameworks */,
				14DFCBFF1A5A00D900658D07 /* Resources */,
			);
			buildRules = (
			);
			dependencies = (
				14DFCC031A5A00D900658D07 /* PBXTargetDependency */,
			);
			name = DadosTests;
			productName = DadosTests;
			productReference = 14DFCC011A5A00D900658D07 /* DadosTests.xctest */;
			productType = "com.apple.product-type.bundle.unit-test";
		};
/* End PBXNativeTarget section */

/* Begin PBXProject section */
		14DFCBE61A5A00D900658D07 /* Project object */ = {
			isa = PBXProject;
			attributes = {
				LastUpgradeCheck = 0610;
				ORGANIZATIONNAME = brunodominguez;
				TargetAttributes = {
					14DFCBED1A5A00D900658D07 = {
						CreatedOnToolsVersion = 6.1.1;
					};
					14DFCC001A5A00D900658D07 = {
						CreatedOnToolsVersion = 6.1.1;
						TestTargetID = 14DFCBED1A5A00D900658D07;
					};
				};
			};
			buildConfigurationList = 14DFCBE91A5A00D900658D07 /* Build configuration list for PBXProject "Dados" */;
			compatibilityVersion = "Xcode 3.2";
			developmentRegion = English;
			hasScannedForEncodings = 0;
			knownRegions = (
				en,
				Base,
			);
			mainGroup = 14DFCBE51A5A00D900658D07;
			productRefGroup = 14DFCBEF1A5A00D900658D07 /* Products */;
			projectDirPath = "";
			projectRoot = "";
			targets = (
				14DFCBED1A5A00D900658D07 /* Dados */,
				14DFCC001A5A00D900658D07 /* DadosTests */,
			);
		};
/* End PBXProject section */

/* Begin PBXResourcesBuildPhase section */
		14DFCBEC1A5A00D900658D07 /* Resources */ = {
			isa = PBXResourcesBuildPhase;
			buildActionMask = 2147483647;
			files = (
				14DFCC151A5A010500658D07 /* BDBDiceViewController.xib in Resources */,
				14DFCBFC1A5A00D900658D07 /* LaunchScreen.xib in Resources */,
				14DFCBF91A5A00D900658D07 /* Images.xcassets in Resources */,
			);
			runOnlyForDeploymentPostprocessing = 0;
		};
		14DFCBFF1A5A00D900658D07 /* Resources */ = {
			isa = PBXResourcesBuildPhase;
			buildActionMask = 2147483647;
			files = (
			);
			runOnlyForDeploymentPostprocessing = 0;
		};
/* End PBXResourcesBuildPhase section */

/* Begin PBXSourcesBuildPhase section */
		14DFCBEA1A5A00D900658D07 /* Sources */ = {
			isa = PBXSourcesBuildPhase;
			buildActionMask = 2147483647;
			files = (
				14DFCBF71A5A00D900658D07 /* AppDelegate.m in Sources */,
				14DFCC191A5A103300658D07 /* BDBDice.m in Sources */,
				14DFCBF41A5A00D900658D07 /* main.m in Sources */,
				148148961A5A6AB1008BDA92 /* BDBDiceTableViewController.m in Sources */,
				14DFCC141A5A010500658D07 /* BDBDiceViewController.m in Sources */,
			);
			runOnlyForDeploymentPostprocessing = 0;
		};
		14DFCBFD1A5A00D900658D07 /* Sources */ = {
			isa = PBXSourcesBuildPhase;
			buildActionMask = 2147483647;
			files = (
				14DFCC081A5A00D900658D07 /* DadosTests.m in Sources */,
			);
			runOnlyForDeploymentPostprocessing = 0;
		};
/* End PBXSourcesBuildPhase section */

/* Begin PBXTargetDependency section */
		14DFCC031A5A00D900658D07 /* PBXTargetDependency */ = {
			isa = PBXTargetDependency;
			target = 14DFCBED1A5A00D900658D07 /* Dados */;
			targetProxy = 14DFCC021A5A00D900658D07 /* PBXContainerItemProxy */;
		};
/* End PBXTargetDependency section */

/* Begin PBXVariantGroup section */
		14DFCBFA1A5A00D900658D07 /* LaunchScreen.xib */ = {
			isa = PBXVariantGroup;
			children = (
				14DFCBFB1A5A00D900658D07 /* Base */,
			);
			name = LaunchScreen.xib;
			sourceTree = "<group>";
		};
/* End PBXVariantGroup section */

/* Begin XCBuildConfiguration section */
		14DFCC091A5A00D900658D07 /* Debug */ = {
			isa = XCBuildConfiguration;
			buildSettings = {
				ALWAYS_SEARCH_USER_PATHS = NO;
				CLANG_CXX_LANGUAGE_STANDARD = "gnu++0x";
				CLANG_CXX_LIBRARY = "libc++";
				CLANG_ENABLE_MODULES = YES;
				CLANG_ENABLE_OBJC_ARC = YES;
				CLANG_WARN_BOOL_CONVERSION = YES;
				CLANG_WARN_CONSTANT_CONVERSION = YES;
				CLANG_WARN_DIRECT_OBJC_ISA_USAGE = YES_ERROR;
				CLANG_WARN_EMPTY_BODY = YES;
				CLANG_WARN_ENUM_CONVERSION = YES;
				CLANG_WARN_INT_CONVERSION = YES;
				CLANG_WARN_OBJC_ROOT_CLASS = YES_ERROR;
				CLANG_WARN_UNREACHABLE_CODE = YES;
				CLANG_WARN__DUPLICATE_METHOD_MATCH = YES;
				"CODE_SIGN_IDENTITY[sdk=iphoneos*]" = "iPhone Developer";
				COPY_PHASE_STRIP = NO;
				ENABLE_STRICT_OBJC_MSGSEND = YES;
				GCC_C_LANGUAGE_STANDARD = gnu99;
				GCC_DYNAMIC_NO_PIC = NO;
				GCC_OPTIMIZATION_LEVEL = 0;
				GCC_PREPROCESSOR_DEFINITIONS = (
					"DEBUG=1",
					"$(inherited)",
				);
				GCC_SYMBOLS_PRIVATE_EXTERN = NO;
				GCC_WARN_64_TO_32_BIT_CONVERSION = YES;
				GCC_WARN_ABOUT_RETURN_TYPE = YES_ERROR;
				GCC_WARN_UNDECLARED_SELECTOR = YES;
				GCC_WARN_UNINITIALIZED_AUTOS = YES_AGGRESSIVE;
				GCC_WARN_UNUSED_FUNCTION = YES;
				GCC_WARN_UNUSED_VARIABLE = YES;
				IPHONEOS_DEPLOYMENT_TARGET = 8.1;
				MTL_ENABLE_DEBUG_INFO = YES;
				ONLY_ACTIVE_ARCH = YES;
				SDKROOT = iphoneos;
			};
			name = Debug;
		};
		14DFCC0A1A5A00D900658D07 /* Release */ = {
			isa = XCBuildConfiguration;
			buildSettings = {
				ALWAYS_SEARCH_USER_PATHS = NO;
				CLANG_CXX_LANGUAGE_STANDARD = "gnu++0x";
				CLANG_CXX_LIBRARY = "libc++";
				CLANG_ENABLE_MODULES = YES;
				CLANG_ENABLE_OBJC_ARC = YES;
				CLANG_WARN_BOOL_CONVERSION = YES;
				CLANG_WARN_CONSTANT_CONVERSION = YES;
				CLANG_WARN_DIRECT_OBJC_ISA_USAGE = YES_ERROR;
				CLANG_WARN_EMPTY_BODY = YES;
				CLANG_WARN_ENUM_CONVERSION = YES;
				CLANG_WARN_INT_CONVERSION = YES;
				CLANG_WARN_OBJC_ROOT_CLASS = YES_ERROR;
				CLANG_WARN_UNREACHABLE_CODE = YES;
				CLANG_WARN__DUPLICATE_METHOD_MATCH = YES;
				"CODE_SIGN_IDENTITY[sdk=iphoneos*]" = "iPhone Developer";
				COPY_PHASE_STRIP = YES;
				ENABLE_NS_ASSERTIONS = NO;
				ENABLE_STRICT_OBJC_MSGSEND = YES;
				GCC_C_LANGUAGE_STANDARD = gnu99;
				GCC_WARN_64_TO_32_BIT_CONVERSION = YES;
				GCC_WARN_ABOUT_RETURN_TYPE = YES_ERROR;
				GCC_WARN_UNDECLARED_SELECTOR = YES;
				GCC_WARN_UNINITIALIZED_AUTOS = YES_AGGRESSIVE;
				GCC_WARN_UNUSED_FUNCTION = YES;
				GCC_WARN_UNUSED_VARIABLE = YES;
				IPHONEOS_DEPLOYMENT_TARGET = 8.1;
				MTL_ENABLE_DEBUG_INFO = NO;
				SDKROOT = iphoneos;
				VALIDATE_PRODUCT = YES;
			};
			name = Release;
		};
		14DFCC0C1A5A00D900658D07 /* Debug */ = {
			isa = XCBuildConfiguration;
			buildSettings = {
				ASSETCATALOG_COMPILER_APPICON_NAME = AppIcon;
				INFOPLIST_FILE = Dados/Info.plist;
				LD_RUNPATH_SEARCH_PATHS = "$(inherited) @executable_path/Frameworks";
				PRODUCT_NAME = "$(TARGET_NAME)";
			};
			name = Debug;
		};
		14DFCC0D1A5A00D900658D07 /* Release */ = {
			isa = XCBuildConfiguration;
			buildSettings = {
				ASSETCATALOG_COMPILER_APPICON_NAME = AppIcon;
				INFOPLIST_FILE = Dados/Info.plist;
				LD_RUNPATH_SEARCH_PATHS = "$(inherited) @executable_path/Frameworks";
				PRODUCT_NAME = "$(TARGET_NAME)";
			};
			name = Release;
		};
		14DFCC0F1A5A00D900658D07 /* Debug */ = {
			isa = XCBuildConfiguration;
			buildSettings = {
				BUNDLE_LOADER = "$(TEST_HOST)";
				FRAMEWORK_SEARCH_PATHS = (
					"$(SDKROOT)/Developer/Library/Frameworks",
					"$(inherited)",
				);
				GCC_PREPROCESSOR_DEFINITIONS = (
					"DEBUG=1",
					"$(inherited)",
				);
				INFOPLIST_FILE = DadosTests/Info.plist;
				LD_RUNPATH_SEARCH_PATHS = "$(inherited) @executable_path/Frameworks @loader_path/Frameworks";
				PRODUCT_NAME = "$(TARGET_NAME)";
				TEST_HOST = "$(BUILT_PRODUCTS_DIR)/Dados.app/Dados";
			};
			name = Debug;
		};
		14DFCC101A5A00D900658D07 /* Release */ = {
			isa = XCBuildConfiguration;
			buildSettings = {
				BUNDLE_LOADER = "$(TEST_HOST)";
				FRAMEWORK_SEARCH_PATHS = (
					"$(SDKROOT)/Developer/Library/Frameworks",
					"$(inherited)",
				);
				INFOPLIST_FILE = DadosTests/Info.plist;
				LD_RUNPATH_SEARCH_PATHS = "$(inherited) @executable_path/Frameworks @loader_path/Frameworks";
				PRODUCT_NAME = "$(TARGET_NAME)";
				TEST_HOST = "$(BUILT_PRODUCTS_DIR)/Dados.app/Dados";
			};
			name = Release;
		};
/* End XCBuildConfiguration section */

/* Begin XCConfigurationList section */
		14DFCBE91A5A00D900658D07 /* Build configuration list for PBXProject "Dados" */ = {
			isa = XCConfigurationList;
			buildConfigurations = (
				14DFCC091A5A00D900658D07 /* Debug */,
				14DFCC0A1A5A00D900658D07 /* Release */,
			);
			defaultConfigurationIsVisible = 0;
			defaultConfigurationName = Release;
		};
		14DFCC0B1A5A00D900658D07 /* Build configuration list for PBXNativeTarget "Dados" */ = {
			isa = XCConfigurationList;
			buildConfigurations = (
				14DFCC0C1A5A00D900658D07 /* Debug */,
				14DFCC0D1A5A00D900658D07 /* Release */,
			);
			defaultConfigurationIsVisible = 0;
			defaultConfigurationName = Release;
		};
		14DFCC0E1A5A00D900658D07 /* Build configuration list for PBXNativeTarget "DadosTests" */ = {
			isa = XCConfigurationList;
			buildConfigurations = (
				14DFCC0F1A5A00D900658D07 /* Debug */,
				14DFCC101A5A00D900658D07 /* Release */,
			);
			defaultConfigurationIsVisible = 0;
			defaultConfigurationName = Release;
		};
/* End XCConfigurationList section */
	};
	rootObject = 14DFCBE61A5A00D900658D07 /* Project object */;
}
